
Microsoft Visual Studio Solution File, Format Version 12.00
# Visual Studio 15
VisualStudioVersion = 15.0.28307.421
MinimumVisualStudioVersion = 10.0.40219.1
Project("{FAE04EC0-301F-11D3-BF4B-00C04F79EFBC}") = "ShelterManager", "Shelter\ShelterManager.csproj", "{0DABCD0C-40D2-4667-BBCD-0EA5AB25F49F}"
EndProject
Project("{FAE04EC0-301F-11D3-BF4B-00C04F79EFBC}") = "UnitTestProject", "UnitTestProject\UnitTestProject.csproj", "{8D2DC15F-A74D-4303-BD58-139BD525BAF0}"
EndProject
Global
	GlobalSection(SolutionConfigurationPlatforms) = preSolution
		Debug|Any CPU = Debug|Any CPU
		Release|Any CPU = Release|Any CPU
	EndGlobalSection
	GlobalSection(ProjectConfigurationPlatforms) = postSolution
		{0DABCD0C-40D2-4667-BBCD-0EA5AB25F49F}.Debug|Any CPU.ActiveCfg = Debug|Any CPU
		{0DABCD0C-40D2-4667-BBCD-0EA5AB25F49F}.Debug|Any CPU.Build.0 = Debug|Any CPU
		{0DABCD0C-40D2-4667-BBCD-0EA5AB25F49F}.Release|Any CPU.ActiveCfg = Release|Any CPU
		{0DABCD0C-40D2-4667-BBCD-0EA5AB25F49F}.Release|Any CPU.Build.0 = Release|Any CPU
		{8D2DC15F-A74D-4303-BD58-139BD525BAF0}.Debug|Any CPU.ActiveCfg = Debug|Any CPU
		{8D2DC15F-A74D-4303-BD58-139BD525BAF0}.Debug|Any CPU.Build.0 = Debug|Any CPU
		{8D2DC15F-A74D-4303-BD58-139BD525BAF0}.Release|Any CPU.ActiveCfg = Release|Any CPU
		{8D2DC15F-A74D-4303-BD58-139BD525BAF0}.Release|Any CPU.Build.0 = Release|Any CPU
	EndGlobalSection
	GlobalSection(SolutionProperties) = preSolution
		HideSolutionNode = FALSE
	EndGlobalSection
	GlobalSection(ExtensibilityGlobals) = postSolution
		SolutionGuid = {3C2ADA99-2664-4C2A-AAAE-3181F54859AF}
	EndGlobalSection
EndGlobal
